// !$*UTF8*$!
{
	archiveVersion = 1;
	classes = {
	};
	objectVersion = 50;
	objects = {

/* Begin PBXBuildFile section */
		66842E4A224F28C9008E6FAA /* AppDelegate.swift in Sources */ = {isa = PBXBuildFile; fileRef = 66842E49224F28C9008E6FAA /* AppDelegate.swift */; };
		66842E4C224F28C9008E6FAA /* ViewController.swift in Sources */ = {isa = PBXBuildFile; fileRef = 66842E4B224F28C9008E6FAA /* ViewController.swift */; };
		66842E4F224F28C9008E6FAA /* Main.storyboard in Resources */ = {isa = PBXBuildFile; fileRef = 66842E4D224F28C9008E6FAA /* Main.storyboard */; };
		66842E51224F28CA008E6FAA /* Assets.xcassets in Resources */ = {isa = PBXBuildFile; fileRef = 66842E50224F28CA008E6FAA /* Assets.xcassets */; };
		66842E54224F28CA008E6FAA /* LaunchScreen.storyboard in Resources */ = {isa = PBXBuildFile; fileRef = 66842E52224F28CA008E6FAA /* LaunchScreen.storyboard */; };
		66842E5F22519D48008E6FAA /* RestaurantData.swift in Sources */ = {isa = PBXBuildFile; fileRef = 66842E5E22519D48008E6FAA /* RestaurantData.swift */; };
		C96F09D8E7BA2906754EB4F7 /* Pods_hangry.framework in Frameworks */ = {isa = PBXBuildFile; fileRef = D92FE02EBD35701E6DF80A27 /* Pods_hangry.framework */; };
/* End PBXBuildFile section */

/* Begin PBXFileReference section */
		16085F05616AA70C1D6387E0 /* Pods-hangry.release.xcconfig */ = {isa = PBXFileReference; includeInIndex = 1; lastKnownFileType = text.xcconfig; name = "Pods-hangry.release.xcconfig"; path = "Target Support Files/Pods-hangry/Pods-hangry.release.xcconfig"; sourceTree = "<group>"; };
		4D9B59AF1589C75705722159 /* Pods-hangry.debug.xcconfig */ = {isa = PBXFileReference; includeInIndex = 1; lastKnownFileType = text.xcconfig; name = "Pods-hangry.debug.xcconfig"; path = "Target Support Files/Pods-hangry/Pods-hangry.debug.xcconfig"; sourceTree = "<group>"; };
		66842E46224F28C8008E6FAA /* hangry.app */ = {isa = PBXFileReference; explicitFileType = wrapper.application; includeInIndex = 0; path = hangry.app; sourceTree = BUILT_PRODUCTS_DIR; };
		66842E49224F28C9008E6FAA /* AppDelegate.swift */ = {isa = PBXFileReference; lastKnownFileType = sourcecode.swift; path = AppDelegate.swift; sourceTree = "<group>"; };
		66842E4B224F28C9008E6FAA /* ViewController.swift */ = {isa = PBXFileReference; lastKnownFileType = sourcecode.swift; path = ViewController.swift; sourceTree = "<group>"; };
		66842E4E224F28C9008E6FAA /* Base */ = {isa = PBXFileReference; lastKnownFileType = file.storyboard; name = Base; path = Base.lproj/Main.storyboard; sourceTree = "<group>"; };
		66842E50224F28CA008E6FAA /* Assets.xcassets */ = {isa = PBXFileReference; lastKnownFileType = folder.assetcatalog; path = Assets.xcassets; sourceTree = "<group>"; };
		66842E53224F28CA008E6FAA /* Base */ = {isa = PBXFileReference; lastKnownFileType = file.storyboard; name = Base; path = Base.lproj/LaunchScreen.storyboard; sourceTree = "<group>"; };
		66842E55224F28CA008E6FAA /* Info.plist */ = {isa = PBXFileReference; lastKnownFileType = text.plist.xml; path = Info.plist; sourceTree = "<group>"; };
		66842E5E22519D48008E6FAA /* RestaurantData.swift */ = {isa = PBXFileReference; lastKnownFileType = sourcecode.swift; path = RestaurantData.swift; sourceTree = "<group>"; };
		D92FE02EBD35701E6DF80A27 /* Pods_hangry.framework */ = {isa = PBXFileReference; explicitFileType = wrapper.framework; includeInIndex = 0; path = Pods_hangry.framework; sourceTree = BUILT_PRODUCTS_DIR; };
/* End PBXFileReference section */

/* Begin PBXFrameworksBuildPhase section */
		66842E43224F28C8008E6FAA /* Frameworks */ = {
			isa = PBXFrameworksBuildPhase;
			buildActionMask = 2147483647;
			files = (
				C96F09D8E7BA2906754EB4F7 /* Pods_hangry.framework in Frameworks */,
			);
			runOnlyForDeploymentPostprocessing = 0;
		};
/* End PBXFrameworksBuildPhase section */

/* Begin PBXGroup section */
		66842E3D224F28C8008E6FAA = {
			isa = PBXGroup;
			children = (
				66842E48224F28C9008E6FAA /* hangry */,
				66842E47224F28C8008E6FAA /* Products */,
				A39F692C77B88735D16A1456 /* Pods */,
				9C50A662B8124336C679A59E /* Frameworks */,
			);
			sourceTree = "<group>";
		};
		66842E47224F28C8008E6FAA /* Products */ = {
			isa = PBXGroup;
			children = (
				66842E46224F28C8008E6FAA /* hangry.app */,
			);
			name = Products;
			sourceTree = "<group>";
		};
		66842E48224F28C9008E6FAA /* hangry */ = {
			isa = PBXGroup;
			children = (
				66842E49224F28C9008E6FAA /* AppDelegate.swift */,
				66842E4B224F28C9008E6FAA /* ViewController.swift */,
				66842E4D224F28C9008E6FAA /* Main.storyboard */,
				66842E5E22519D48008E6FAA /* RestaurantData.swift */,
				66842E50224F28CA008E6FAA /* Assets.xcassets */,
				66842E52224F28CA008E6FAA /* LaunchScreen.storyboard */,
				66842E55224F28CA008E6FAA /* Info.plist */,
			);
			path = hangry;
			sourceTree = "<group>";
		};
		9C50A662B8124336C679A59E /* Frameworks */ = {
			isa = PBXGroup;
			children = (
				D92FE02EBD35701E6DF80A27 /* Pods_hangry.framework */,
			);
			name = Frameworks;
			sourceTree = "<group>";
		};
		A39F692C77B88735D16A1456 /* Pods */ = {
			isa = PBXGroup;
			children = (
				4D9B59AF1589C75705722159 /* Pods-hangry.debug.xcconfig */,
				16085F05616AA70C1D6387E0 /* Pods-hangry.release.xcconfig */,
			);
			path = Pods;
			sourceTree = "<group>";
		};
/* End PBXGroup section */

/* Begin PBXNativeTarget section */
		66842E45224F28C8008E6FAA /* hangry */ = {
			isa = PBXNativeTarget;
			buildConfigurationList = 66842E58224F28CA008E6FAA /* Build configuration list for PBXNativeTarget "hangry" */;
			buildPhases = (
				31F7465E355132B6CA676DD3 /* [CP] Check Pods Manifest.lock */,
				66842E42224F28C8008E6FAA /* Sources */,
				66842E43224F28C8008E6FAA /* Frameworks */,
				66842E44224F28C8008E6FAA /* Resources */,
				12757288DA10BF35A43A8C29 /* [CP] Embed Pods Frameworks */,
			);
			buildRules = (
			);
			dependencies = (
			);
			name = hangry;
			productName = hangry;
			productReference = 66842E46224F28C8008E6FAA /* hangry.app */;
			productType = "com.apple.product-type.application";
		};
/* End PBXNativeTarget section */

/* Begin PBXProject section */
		66842E3E224F28C8008E6FAA /* Project object */ = {
			isa = PBXProject;
			attributes = {
				LastSwiftUpdateCheck = 1020;
				LastUpgradeCheck = 1020;
				ORGANIZATIONNAME = "Steven Bui";
				TargetAttributes = {
					66842E45224F28C8008E6FAA = {
						CreatedOnToolsVersion = 10.2;
					};
				};
			};
			buildConfigurationList = 66842E41224F28C8008E6FAA /* Build configuration list for PBXProject "hangry" */;
			compatibilityVersion = "Xcode 9.3";
			developmentRegion = en;
			hasScannedForEncodings = 0;
			knownRegions = (
				en,
				Base,
			);
			mainGroup = 66842E3D224F28C8008E6FAA;
			productRefGroup = 66842E47224F28C8008E6FAA /* Products */;
			projectDirPath = "";
			projectRoot = "";
			targets = (
				66842E45224F28C8008E6FAA /* hangry */,
			);
		};
/* End PBXProject section */

/* Begin PBXResourcesBuildPhase section */
		66842E44224F28C8008E6FAA /* Resources */ = {
			isa = PBXResourcesBuildPhase;
			buildActionMask = 2147483647;
			files = (
				66842E54224F28CA008E6FAA /* LaunchScreen.storyboard in Resources */,
				66842E51224F28CA008E6FAA /* Assets.xcassets in Resources */,
				66842E4F224F28C9008E6FAA /* Main.storyboard in Resources */,
			);
			runOnlyForDeploymentPostprocessing = 0;
		};
/* End PBXResourcesBuildPhase section */

/* Begin PBXShellScriptBuildPhase section */
		12757288DA10BF35A43A8C29 /* [CP] Embed Pods Frameworks */ = {
			isa = PBXShellScriptBuildPhase;
			buildActionMask = 2147483647;
			files = (
			);
			inputFileListPaths = (
			);
			inputPaths = (
				"${PODS_ROOT}/Target Support Files/Pods-hangry/Pods-hangry-frameworks.sh",
				"${BUILT_PRODUCTS_DIR}/Alamofire/Alamofire.framework",
				"${BUILT_PRODUCTS_DIR}/SwiftyJSON/SwiftyJSON.framework",
			);
			name = "[CP] Embed Pods Frameworks";
			outputFileListPaths = (
			);
			outputPaths = (
				"${TARGET_BUILD_DIR}/${FRAMEWORKS_FOLDER_PATH}/Alamofire.framework",
				"${TARGET_BUILD_DIR}/${FRAMEWORKS_FOLDER_PATH}/SwiftyJSON.framework",
			);
			runOnlyForDeploymentPostprocessing = 0;
			shellPath = /bin/sh;
			shellScript = "\"${PODS_ROOT}/Target Support Files/Pods-hangry/Pods-hangry-frameworks.sh\"\n";
			showEnvVarsInLog = 0;
		};
		31F7465E355132B6CA676DD3 /* [CP] Check Pods Manifest.lock */ = {
			isa = PBXShellScriptBuildPhase;
			buildActionMask = 2147483647;
			files = (
			);
			inputFileListPaths = (
			);
			inputPaths = (
				"${PODS_PODFILE_DIR_PATH}/Podfile.lock",
				"${PODS_ROOT}/Manifest.lock",
			);
			name = "[CP] Check Pods Manifest.lock";
			outputFileListPaths = (
			);
			outputPaths = (
				"$(DERIVED_FILE_DIR)/Pods-hangry-checkManifestLockResult.txt",
			);
			runOnlyForDeploymentPostprocessing = 0;
			shellPath = /bin/sh;
			shellScript = "diff \"${PODS_PODFILE_DIR_PATH}/Podfile.lock\" \"${PODS_ROOT}/Manifest.lock\" > /dev/null\nif [ $? != 0 ] ; then\n    # print error to STDERR\n    echo \"error: The sandbox is not in sync with the Podfile.lock. Run 'pod install' or update your CocoaPods installation.\" >&2\n    exit 1\nfi\n# This output is used by Xcode 'outputs' to avoid re-running this script phase.\necho \"SUCCESS\" > \"${SCRIPT_OUTPUT_FILE_0}\"\n";
			showEnvVarsInLog = 0;
		};
/* End PBXShellScriptBuildPhase section */

/* Begin PBXSourcesBuildPhase section */
		66842E42224F28C8008E6FAA /* Sources */ = {
			isa = PBXSourcesBuildPhase;
			buildActionMask = 2147483647;
			files = (
				66842E4C224F28C9008E6FAA /* ViewController.swift in Sources */,
				66842E4A224F28C9008E6FAA /* AppDelegate.swift in Sources */,
				66842E5F22519D48008E6FAA /* RestaurantData.swift in Sources */,
			);
			runOnlyForDeploymentPostprocessing = 0;
		};
/* End PBXSourcesBuildPhase section */

/* Begin PBXVariantGroup section */
		66842E4D224F28C9008E6FAA /* Main.storyboard */ = {
			isa = PBXVariantGroup;
			children = (
				66842E4E224F28C9008E6FAA /* Base */,
			);
			name = Main.storyboard;
			sourceTree = "<group>";
		};
		66842E52224F28CA008E6FAA /* LaunchScreen.storyboard */ = {
			isa = PBXVariantGroup;
			children = (
				66842E53224F28CA008E6FAA /* Base */,
			);
			name = LaunchScreen.storyboard;
			sourceTree = "<group>";
		};
/* End PBXVariantGroup section */

/* Begin XCBuildConfiguration section */
		66842E56224F28CA008E6FAA /* Debug */ = {
			isa = XCBuildConfiguration;
			buildSettings = {
				ALWAYS_SEARCH_USER_PATHS = NO;
				CLANG_ANALYZER_NONNULL = YES;
				CLANG_ANALYZER_NUMBER_OBJECT_CONVERSION = YES_AGGRESSIVE;
				CLANG_CXX_LANGUAGE_STANDARD = "gnu++14";
				CLANG_CXX_LIBRARY = "libc++";
				CLANG_ENABLE_MODULES = YES;
				CLANG_ENABLE_OBJC_ARC = YES;
				CLANG_ENABLE_OBJC_WEAK = YES;
				CLANG_WARN_BLOCK_CAPTURE_AUTORELEASING = YES;
				CLANG_WARN_BOOL_CONVERSION = YES;
				CLANG_WARN_COMMA = YES;
				CLANG_WARN_CONSTANT_CONVERSION = YES;
				CLANG_WARN_DEPRECATED_OBJC_IMPLEMENTATIONS = YES;
				CLANG_WARN_DIRECT_OBJC_ISA_USAGE = YES_ERROR;
				CLANG_WARN_DOCUMENTATION_COMMENTS = YES;
				CLANG_WARN_EMPTY_BODY = YES;
				CLANG_WARN_ENUM_CONVERSION = YES;
				CLANG_WARN_INFINITE_RECURSION = YES;
				CLANG_WARN_INT_CONVERSION = YES;
				CLANG_WARN_NON_LITERAL_NULL_CONVERSION = YES;
				CLANG_WARN_OBJC_IMPLICIT_RETAIN_SELF = YES;
				CLANG_WARN_OBJC_LITERAL_CONVERSION = YES;
				CLANG_WARN_OBJC_ROOT_CLASS = YES_ERROR;
				CLANG_WARN_RANGE_LOOP_ANALYSIS = YES;
				CLANG_WARN_STRICT_PROTOTYPES = YES;
				CLANG_WARN_SUSPICIOUS_MOVE = YES;
				CLANG_WARN_UNGUARDED_AVAILABILITY = YES_AGGRESSIVE;
				CLANG_WARN_UNREACHABLE_CODE = YES;
				CLANG_WARN__DUPLICATE_METHOD_MATCH = YES;
				CODE_SIGN_IDENTITY = "iPhone Developer";
				COPY_PHASE_STRIP = NO;
				DEBUG_INFORMATION_FORMAT = dwarf;
				ENABLE_STRICT_OBJC_MSGSEND = YES;
				ENABLE_TESTABILITY = YES;
				GCC_C_LANGUAGE_STANDARD = gnu11;
				GCC_DYNAMIC_NO_PIC = NO;
				GCC_NO_COMMON_BLOCKS = YES;
				GCC_OPTIMIZATION_LEVEL = 0;
				GCC_PREPROCESSOR_DEFINITIONS = (
					"DEBUG=1",
					"$(inherited)",
				);
				GCC_WARN_64_TO_32_BIT_CONVERSION = YES;
				GCC_WARN_ABOUT_RETURN_TYPE = YES_ERROR;
				GCC_WARN_UNDECLARED_SELECTOR = YES;
				GCC_WARN_UNINITIALIZED_AUTOS = YES_AGGRESSIVE;
				GCC_WARN_UNUSED_FUNCTION = YES;
				GCC_WARN_UNUSED_VARIABLE = YES;
				IPHONEOS_DEPLOYMENT_TARGET = 12.2;
				MTL_ENABLE_DEBUG_INFO = INCLUDE_SOURCE;
				MTL_FAST_MATH = YES;
				ONLY_ACTIVE_ARCH = YES;
				SDKROOT = iphoneos;
				SWIFT_ACTIVE_COMPILATION_CONDITIONS = DEBUG;
				SWIFT_OPTIMIZATION_LEVEL = "-Onone";
			};
			name = Debug;
		};
		66842E57224F28CA008E6FAA /* Release */ = {
			isa = XCBuildConfiguration;
			buildSettings = {
				ALWAYS_SEARCH_USER_PATHS = NO;
				CLANG_ANALYZER_NONNULL = YES;
				CLANG_ANALYZER_NUMBER_OBJECT_CONVERSION = YES_AGGRESSIVE;
				CLANG_CXX_LANGUAGE_STANDARD = "gnu++14";
				CLANG_CXX_LIBRARY = "libc++";
				CLANG_ENABLE_MODULES = YES;
				CLANG_ENABLE_OBJC_ARC = YES;
				CLANG_ENABLE_OBJC_WEAK = YES;
				CLANG_WARN_BLOCK_CAPTURE_AUTORELEASING = YES;
				CLANG_WARN_BOOL_CONVERSION = YES;
				CLANG_WARN_COMMA = YES;
				CLANG_WARN_CONSTANT_CONVERSION = YES;
				CLANG_WARN_DEPRECATED_OBJC_IMPLEMENTATIONS = YES;
				CLANG_WARN_DIRECT_OBJC_ISA_USAGE = YES_ERROR;
				CLANG_WARN_DOCUMENTATION_COMMENTS = YES;
				CLANG_WARN_EMPTY_BODY = YES;
				CLANG_WARN_ENUM_CONVERSION = YES;
				CLANG_WARN_INFINITE_RECURSION = YES;
				CLANG_WARN_INT_CONVERSION = YES;
				CLANG_WARN_NON_LITERAL_NULL_CONVERSION = YES;
				CLANG_WARN_OBJC_IMPLICIT_RETAIN_SELF = YES;
				CLANG_WARN_OBJC_LITERAL_CONVERSION = YES;
				CLANG_WARN_OBJC_ROOT_CLASS = YES_ERROR;
				CLANG_WARN_RANGE_LOOP_ANALYSIS = YES;
				CLANG_WARN_STRICT_PROTOTYPES = YES;
				CLANG_WARN_SUSPICIOUS_MOVE = YES;
				CLANG_WARN_UNGUARDED_AVAILABILITY = YES_AGGRESSIVE;
				CLANG_WARN_UNREACHABLE_CODE = YES;
				CLANG_WARN__DUPLICATE_METHOD_MATCH = YES;
				CODE_SIGN_IDENTITY = "iPhone Developer";
				COPY_PHASE_STRIP = NO;
				DEBUG_INFORMATION_FORMAT = "dwarf-with-dsym";
				ENABLE_NS_ASSERTIONS = NO;
				ENABLE_STRICT_OBJC_MSGSEND = YES;
				GCC_C_LANGUAGE_STANDARD = gnu11;
				GCC_NO_COMMON_BLOCKS = YES;
				GCC_WARN_64_TO_32_BIT_CONVERSION = YES;
				GCC_WARN_ABOUT_RETURN_TYPE = YES_ERROR;
				GCC_WARN_UNDECLARED_SELECTOR = YES;
				GCC_WARN_UNINITIALIZED_AUTOS = YES_AGGRESSIVE;
				GCC_WARN_UNUSED_FUNCTION = YES;
				GCC_WARN_UNUSED_VARIABLE = YES;
				IPHONEOS_DEPLOYMENT_TARGET = 12.2;
				MTL_ENABLE_DEBUG_INFO = NO;
				MTL_FAST_MATH = YES;
				SDKROOT = iphoneos;
				SWIFT_COMPILATION_MODE = wholemodule;
				SWIFT_OPTIMIZATION_LEVEL = "-O";
				VALIDATE_PRODUCT = YES;
			};
			name = Release;
		};
		66842E59224F28CA008E6FAA /* Debug */ = {
			isa = XCBuildConfiguration;
			baseConfigurationReference = 4D9B59AF1589C75705722159 /* Pods-hangry.debug.xcconfig */;
			buildSettings = {
				ASSETCATALOG_COMPILER_APPICON_NAME = AppIcon;
				CODE_SIGN_STYLE = Automatic;
				DEVELOPMENT_TEAM = K4HAQZC8ST;
				INFOPLIST_FILE = hangry/Info.plist;
				LD_RUNPATH_SEARCH_PATHS = (
					"$(inherited)",
					"@executable_path/Frameworks",
				);
				PRODUCT_BUNDLE_IDENTIFIER = "com.stevenbui.hangry-for-food";
				PRODUCT_NAME = "$(TARGET_NAME)";
				SWIFT_VERSION = 5.0;
				TARGETED_DEVICE_FAMILY = "1,2";
			};
			name = Debug;
		};
		66842E5A224F28CA008E6FAA /* Release */ = {
			isa = XCBuildConfiguration;
			baseConfigurationReference = 16085F05616AA70C1D6387E0 /* Pods-hangry.release.xcconfig */;
			buildSettings = {
				ASSETCATALOG_COMPILER_APPICON_NAME = AppIcon;
				CODE_SIGN_STYLE = Automatic;
				DEVELOPMENT_TEAM = K4HAQZC8ST;
				INFOPLIST_FILE = hangry/Info.plist;
				LD_RUNPATH_SEARCH_PATHS = (
					"$(inherited)",
					"@executable_path/Frameworks",
				);
				PRODUCT_BUNDLE_IDENTIFIER = "com.stevenbui.hangry-for-food";
				PRODUCT_NAME = "$(TARGET_NAME)";
				SWIFT_VERSION = 5.0;
				TARGETED_DEVICE_FAMILY = "1,2";
			};
			name = Release;
		};
/* End XCBuildConfiguration section */

/* Begin XCConfigurationList section */
		66842E41224F28C8008E6FAA /* Build configuration list for PBXProject "hangry" */ = {
			isa = XCConfigurationList;
			buildConfigurations = (
				66842E56224F28CA008E6FAA /* Debug */,
				66842E57224F28CA008E6FAA /* Release */,
			);
			defaultConfigurationIsVisible = 0;
			defaultConfigurationName = Release;
		};
		66842E58224F28CA008E6FAA /* Build configuration list for PBXNativeTarget "hangry" */ = {
			isa = XCConfigurationList;
			buildConfigurations = (
				66842E59224F28CA008E6FAA /* Debug */,
				66842E5A224F28CA008E6FAA /* Release */,
			);
			defaultConfigurationIsVisible = 0;
			defaultConfigurationName = Release;
		};
/* End XCConfigurationList section */
	};
	rootObject = 66842E3E224F28C8008E6FAA /* Project object */;
}
